
Microsoft Visual Studio Solution File, Format Version 12.00
# Visual Studio Version 16
VisualStudioVersion = 16.0.31410.357
MinimumVisualStudioVersion = 10.0.40219.1
Project("{FAE04EC0-301F-11D3-BF4B-00C04F79EFBC}") = "FoodOrderingDB", "FoodOrderingDB.csproj", "{5BE4CB61-BA39-436D-8DD2-F81FF90F35CF}"
EndProject
Global
	GlobalSection(SolutionConfigurationPlatforms) = preSolution
		Debug|Any CPU = Debug|Any CPU
		Release|Any CPU = Release|Any CPU
	EndGlobalSection
	GlobalSection(ProjectConfigurationPlatforms) = postSolution
		{5BE4CB61-BA39-436D-8DD2-F81FF90F35CF}.Debug|Any CPU.ActiveCfg = Debug|Any CPU
		{5BE4CB61-BA39-436D-8DD2-F81FF90F35CF}.Debug|Any CPU.Build.0 = Debug|Any CPU
		{5BE4CB61-BA39-436D-8DD2-F81FF90F35CF}.Release|Any CPU.ActiveCfg = Release|Any CPU
		{5BE4CB61-BA39-436D-8DD2-F81FF90F35CF}.Release|Any CPU.Build.0 = Release|Any CPU
	EndGlobalSection
	GlobalSection(SolutionProperties) = preSolution
		HideSolutionNode = FALSE
	EndGlobalSection
	GlobalSection(ExtensibilityGlobals) = postSolution
		SolutionGuid = {073B79B4-E22C-40E9-8704-AC56A00B764F}
	EndGlobalSection
EndGlobal
